uuid: 9d0ec6fe-f555-45b5-b97e-9310df2fe288
langcode: en
status: true
dependencies:
  enforced:
    module:
      - gutenberg
_core:
  default_config_hash: w33dlTDB4IqbXAL8jHkcYJOKZw3UPIF3K4nHXoCrDJ8
id: reusable_block
label: Pattern
revision: 0
description: 'Build your pattern on Gutenberg editor and re-use it everywhere.'
